
Microsoft Visual Studio Solution File, Format Version 12.00
# Visual Studio Version 17
VisualStudioVersion = 17.4.33122.133
MinimumVisualStudioVersion = 10.0.40219.1
Project("{FAE04EC0-301F-11D3-BF4B-00C04F79EFBC}") = "MyService2", "MyService2\MyService2.csproj", "{37DF9128-0936-4A87-A4BF-FB50ADD44A02}"
EndProject
Global
	GlobalSection(SolutionConfigurationPlatforms) = preSolution
		Debug|Any CPU = Debug|Any CPU
		Release|Any CPU = Release|Any CPU
	EndGlobalSection
	GlobalSection(ProjectConfigurationPlatforms) = postSolution
		{37DF9128-0936-4A87-A4BF-FB50ADD44A02}.Debug|Any CPU.ActiveCfg = Debug|Any CPU
		{37DF9128-0936-4A87-A4BF-FB50ADD44A02}.Debug|Any CPU.Build.0 = Debug|Any CPU
		{37DF9128-0936-4A87-A4BF-FB50ADD44A02}.Release|Any CPU.ActiveCfg = Release|Any CPU
		{37DF9128-0936-4A87-A4BF-FB50ADD44A02}.Release|Any CPU.Build.0 = Release|Any CPU
	EndGlobalSection
	GlobalSection(SolutionProperties) = preSolution
		HideSolutionNode = FALSE
	EndGlobalSection
	GlobalSection(ExtensibilityGlobals) = postSolution
		SolutionGuid = {3A73C735-76AF-444F-9A32-6A6DB34A3342}
	EndGlobalSection
EndGlobal
